
Microsoft Visual Studio Solution File, Format Version 12.00
# Visual Studio Version 17
VisualStudioVersion = 17.0.31903.59
MinimumVisualStudioVersion = 10.0.40219.1
Project("{9A19103F-16F7-4668-BE54-9A1E7A4F7556}") = "d01_merhaba_dunya", "d01_merhaba_dunya\d01_merhaba_dunya.csproj", "{DAB098C3-9AE1-4B2D-A79A-7F3D13F2DD56}"
EndProject
Project("{9A19103F-16F7-4668-BE54-9A1E7A4F7556}") = "d02_iki_sayi_topla", "d02_iki_sayi_topla\d02_iki_sayi_topla.csproj", "{AD0B59B4-BD10-46AA-8F79-CC4069388B66}"
EndProject
Project("{9A19103F-16F7-4668-BE54-9A1E7A4F7556}") = "d03_askerlik_durumu", "d03_askerlik_durumu\d03_askerlik_durumu.csproj", "{B54AA0D6-D922-4FCF-B29C-E802EB0E40C3}"
EndProject
Project("{9A19103F-16F7-4668-BE54-9A1E7A4F7556}") = "d04_tic_tac_toe", "d04_tic_tac_toe\d04_tic_tac_toe.csproj", "{2827CB77-9481-4A1B-84F6-CBA254BB873C}"
EndProject
Project("{9A19103F-16F7-4668-BE54-9A1E7A4F7556}") = "d05_zil_saatleri", "d05_zil_saatleri\d05_zil_saatleri.csproj", "{544AD134-F07A-4BDD-B9CE-08D0A33FB187}"
EndProject
Project("{9A19103F-16F7-4668-BE54-9A1E7A4F7556}") = "d06_bilgi_formu", "d06_bilgi_formu\d06_bilgi_formu.csproj", "{7AB2B478-33E1-487B-B513-D30184180F4A}"
EndProject
Project("{9A19103F-16F7-4668-BE54-9A1E7A4F7556}") = "d07_metin_editoru", "d07_metin_editoru\d07_metin_editoru.csproj", "{62D13AA2-42ED-4F32-B2D6-A67744F8EE7D}"
EndProject
Project("{FAE04EC0-301F-11D3-BF4B-00C04F79EFBC}") = "d08_ef_personel_bilgileri", "d08_ef_personel_bilgileri\d08_ef_personel_bilgileri.csproj", "{F8EA06BC-2646-4FB8-951B-D84B6D8317D5}"
EndProject
Global
	GlobalSection(SolutionConfigurationPlatforms) = preSolution
		Debug|Any CPU = Debug|Any CPU
		Release|Any CPU = Release|Any CPU
	EndGlobalSection
	GlobalSection(ProjectConfigurationPlatforms) = postSolution
		{DAB098C3-9AE1-4B2D-A79A-7F3D13F2DD56}.Debug|Any CPU.ActiveCfg = Debug|Any CPU
		{DAB098C3-9AE1-4B2D-A79A-7F3D13F2DD56}.Debug|Any CPU.Build.0 = Debug|Any CPU
		{DAB098C3-9AE1-4B2D-A79A-7F3D13F2DD56}.Release|Any CPU.ActiveCfg = Release|Any CPU
		{DAB098C3-9AE1-4B2D-A79A-7F3D13F2DD56}.Release|Any CPU.Build.0 = Release|Any CPU
		{AD0B59B4-BD10-46AA-8F79-CC4069388B66}.Debug|Any CPU.ActiveCfg = Debug|Any CPU
		{AD0B59B4-BD10-46AA-8F79-CC4069388B66}.Debug|Any CPU.Build.0 = Debug|Any CPU
		{AD0B59B4-BD10-46AA-8F79-CC4069388B66}.Release|Any CPU.ActiveCfg = Release|Any CPU
		{AD0B59B4-BD10-46AA-8F79-CC4069388B66}.Release|Any CPU.Build.0 = Release|Any CPU
		{B54AA0D6-D922-4FCF-B29C-E802EB0E40C3}.Debug|Any CPU.ActiveCfg = Debug|Any CPU
		{B54AA0D6-D922-4FCF-B29C-E802EB0E40C3}.Debug|Any CPU.Build.0 = Debug|Any CPU
		{B54AA0D6-D922-4FCF-B29C-E802EB0E40C3}.Release|Any CPU.ActiveCfg = Release|Any CPU
		{B54AA0D6-D922-4FCF-B29C-E802EB0E40C3}.Release|Any CPU.Build.0 = Release|Any CPU
		{2827CB77-9481-4A1B-84F6-CBA254BB873C}.Debug|Any CPU.ActiveCfg = Debug|Any CPU
		{2827CB77-9481-4A1B-84F6-CBA254BB873C}.Debug|Any CPU.Build.0 = Debug|Any CPU
		{2827CB77-9481-4A1B-84F6-CBA254BB873C}.Release|Any CPU.ActiveCfg = Release|Any CPU
		{2827CB77-9481-4A1B-84F6-CBA254BB873C}.Release|Any CPU.Build.0 = Release|Any CPU
		{544AD134-F07A-4BDD-B9CE-08D0A33FB187}.Debug|Any CPU.ActiveCfg = Debug|Any CPU
		{544AD134-F07A-4BDD-B9CE-08D0A33FB187}.Debug|Any CPU.Build.0 = Debug|Any CPU
		{544AD134-F07A-4BDD-B9CE-08D0A33FB187}.Release|Any CPU.ActiveCfg = Release|Any CPU
		{544AD134-F07A-4BDD-B9CE-08D0A33FB187}.Release|Any CPU.Build.0 = Release|Any CPU
		{7AB2B478-33E1-487B-B513-D30184180F4A}.Debug|Any CPU.ActiveCfg = Debug|Any CPU
		{7AB2B478-33E1-487B-B513-D30184180F4A}.Debug|Any CPU.Build.0 = Debug|Any CPU
		{7AB2B478-33E1-487B-B513-D30184180F4A}.Release|Any CPU.ActiveCfg = Release|Any CPU
		{7AB2B478-33E1-487B-B513-D30184180F4A}.Release|Any CPU.Build.0 = Release|Any CPU
		{62D13AA2-42ED-4F32-B2D6-A67744F8EE7D}.Debug|Any CPU.ActiveCfg = Debug|Any CPU
		{62D13AA2-42ED-4F32-B2D6-A67744F8EE7D}.Debug|Any CPU.Build.0 = Debug|Any CPU
		{62D13AA2-42ED-4F32-B2D6-A67744F8EE7D}.Release|Any CPU.ActiveCfg = Release|Any CPU
		{62D13AA2-42ED-4F32-B2D6-A67744F8EE7D}.Release|Any CPU.Build.0 = Release|Any CPU
		{F8EA06BC-2646-4FB8-951B-D84B6D8317D5}.Debug|Any CPU.ActiveCfg = Debug|Any CPU
		{F8EA06BC-2646-4FB8-951B-D84B6D8317D5}.Debug|Any CPU.Build.0 = Debug|Any CPU
		{F8EA06BC-2646-4FB8-951B-D84B6D8317D5}.Release|Any CPU.ActiveCfg = Release|Any CPU
		{F8EA06BC-2646-4FB8-951B-D84B6D8317D5}.Release|Any CPU.Build.0 = Release|Any CPU
	EndGlobalSection
	GlobalSection(SolutionProperties) = preSolution
		HideSolutionNode = FALSE
	EndGlobalSection
	GlobalSection(ExtensibilityGlobals) = postSolution
		SolutionGuid = {7BDBF60A-39F0-4A3D-A5DE-EC8615FEE460}
	EndGlobalSection
EndGlobal
